
Microsoft Visual Studio Solution File, Format Version 12.00
# Visual Studio 15
VisualStudioVersion = 15.0.27004.2009
MinimumVisualStudioVersion = 10.0.40219.1
Project("{888888A0-9F3D-457C-B088-3A5042F75D52}") = "Maze", "Maze.pyproj", "{F2A8CDDC-5D58-4584-A46D-40B427EA95BB}"
EndProject
Global
	GlobalSection(SolutionConfigurationPlatforms) = preSolution
		Debug|Any CPU = Debug|Any CPU
		Release|Any CPU = Release|Any CPU
	EndGlobalSection
	GlobalSection(ProjectConfigurationPlatforms) = postSolution
		{F2A8CDDC-5D58-4584-A46D-40B427EA95BB}.Debug|Any CPU.ActiveCfg = Debug|Any CPU
		{F2A8CDDC-5D58-4584-A46D-40B427EA95BB}.Release|Any CPU.ActiveCfg = Release|Any CPU
	EndGlobalSection
	GlobalSection(SolutionProperties) = preSolution
		HideSolutionNode = FALSE
	EndGlobalSection
	GlobalSection(ExtensibilityGlobals) = postSolution
		SolutionGuid = {9FADAE3F-87B8-4308-9747-E7F985D02F46}
	EndGlobalSection
EndGlobal
